
Microsoft Visual Studio Solution File, Format Version 12.00
# Visual Studio Version 16
VisualStudioVersion = 16.0.31911.196
MinimumVisualStudioVersion = 10.0.40219.1
Project("{FAE04EC0-301F-11D3-BF4B-00C04F79EFBC}") = "LeGrandRestaurant.test", "LeGrandRestaurant\LeGrandRestaurant.test.csproj", "{AA26CAE4-3BA6-4168-A3A3-34C6113B091D}"
	ProjectSection(ProjectDependencies) = postProject
		{5AAFB194-A650-4852-B430-AAF073377DBA} = {5AAFB194-A650-4852-B430-AAF073377DBA}
	EndProjectSection
EndProject
Project("{FAE04EC0-301F-11D3-BF4B-00C04F79EFBC}") = "LeGrandRestaurant", "LibrairieLeGrandRestaurant\LeGrandRestaurant.csproj", "{5AAFB194-A650-4852-B430-AAF073377DBA}"
EndProject
Global
	GlobalSection(SolutionConfigurationPlatforms) = preSolution
		Debug|Any CPU = Debug|Any CPU
		Release|Any CPU = Release|Any CPU
	EndGlobalSection
	GlobalSection(ProjectConfigurationPlatforms) = postSolution
		{AA26CAE4-3BA6-4168-A3A3-34C6113B091D}.Debug|Any CPU.ActiveCfg = Debug|Any CPU
		{AA26CAE4-3BA6-4168-A3A3-34C6113B091D}.Debug|Any CPU.Build.0 = Debug|Any CPU
		{AA26CAE4-3BA6-4168-A3A3-34C6113B091D}.Release|Any CPU.ActiveCfg = Release|Any CPU
		{AA26CAE4-3BA6-4168-A3A3-34C6113B091D}.Release|Any CPU.Build.0 = Release|Any CPU
		{5AAFB194-A650-4852-B430-AAF073377DBA}.Debug|Any CPU.ActiveCfg = Debug|Any CPU
		{5AAFB194-A650-4852-B430-AAF073377DBA}.Debug|Any CPU.Build.0 = Debug|Any CPU
		{5AAFB194-A650-4852-B430-AAF073377DBA}.Release|Any CPU.ActiveCfg = Release|Any CPU
		{5AAFB194-A650-4852-B430-AAF073377DBA}.Release|Any CPU.Build.0 = Release|Any CPU
	EndGlobalSection
	GlobalSection(SolutionProperties) = preSolution
		HideSolutionNode = FALSE
	EndGlobalSection
	GlobalSection(ExtensibilityGlobals) = postSolution
		SolutionGuid = {1425FC3B-EA9F-4480-8226-2E486AA783B0}
	EndGlobalSection
EndGlobal
