
Microsoft Visual Studio Solution File, Format Version 12.00
# Visual Studio Version 16
VisualStudioVersion = 16.0.31911.196
MinimumVisualStudioVersion = 10.0.40219.1
Project("{9A19103F-16F7-4668-BE54-9A1E7A4F7556}") = "LeGrandRestaurant", "LibrairieLeGrandRestaurant\LeGrandRestaurant.csproj", "{5AAFB194-A650-4852-B430-AAF073377DBA}"
EndProject
Project("{9A19103F-16F7-4668-BE54-9A1E7A4F7556}") = "LeGrandRestarant.etats", "LeGrandRestarant.etats\LeGrandRestarant.etats.csproj", "{21D89964-D06F-44A3-A99E-5C67259B56CB}"
EndProject
Project("{9A19103F-16F7-4668-BE54-9A1E7A4F7556}") = "LeGrandRestaurant.tests", "LeGrandRestaurant.tests\LeGrandRestaurant.tests.csproj", "{CFDDA279-7D53-4A8A-943F-96CE091882CB}"
	ProjectSection(ProjectDependencies) = postProject
		{6CCEFE12-93B7-486C-AB47-D7D0F7BAEEE4} = {6CCEFE12-93B7-486C-AB47-D7D0F7BAEEE4}
	EndProjectSection
EndProject
Project("{FAE04EC0-301F-11D3-BF4B-00C04F79EFBC}") = "API", "API\API.csproj", "{6CCEFE12-93B7-486C-AB47-D7D0F7BAEEE4}"
EndProject
Global
	GlobalSection(SolutionConfigurationPlatforms) = preSolution
		Debug|Any CPU = Debug|Any CPU
		Release|Any CPU = Release|Any CPU
	EndGlobalSection
	GlobalSection(ProjectConfigurationPlatforms) = postSolution
		{5AAFB194-A650-4852-B430-AAF073377DBA}.Debug|Any CPU.ActiveCfg = Debug|Any CPU
		{5AAFB194-A650-4852-B430-AAF073377DBA}.Debug|Any CPU.Build.0 = Debug|Any CPU
		{5AAFB194-A650-4852-B430-AAF073377DBA}.Release|Any CPU.ActiveCfg = Release|Any CPU
		{5AAFB194-A650-4852-B430-AAF073377DBA}.Release|Any CPU.Build.0 = Release|Any CPU
		{21D89964-D06F-44A3-A99E-5C67259B56CB}.Debug|Any CPU.ActiveCfg = Debug|Any CPU
		{21D89964-D06F-44A3-A99E-5C67259B56CB}.Debug|Any CPU.Build.0 = Debug|Any CPU
		{21D89964-D06F-44A3-A99E-5C67259B56CB}.Release|Any CPU.ActiveCfg = Release|Any CPU
		{21D89964-D06F-44A3-A99E-5C67259B56CB}.Release|Any CPU.Build.0 = Release|Any CPU
		{CFDDA279-7D53-4A8A-943F-96CE091882CB}.Debug|Any CPU.ActiveCfg = Debug|Any CPU
		{CFDDA279-7D53-4A8A-943F-96CE091882CB}.Debug|Any CPU.Build.0 = Debug|Any CPU
		{CFDDA279-7D53-4A8A-943F-96CE091882CB}.Release|Any CPU.ActiveCfg = Release|Any CPU
		{CFDDA279-7D53-4A8A-943F-96CE091882CB}.Release|Any CPU.Build.0 = Release|Any CPU
		{6CCEFE12-93B7-486C-AB47-D7D0F7BAEEE4}.Debug|Any CPU.ActiveCfg = Debug|Any CPU
		{6CCEFE12-93B7-486C-AB47-D7D0F7BAEEE4}.Debug|Any CPU.Build.0 = Debug|Any CPU
		{6CCEFE12-93B7-486C-AB47-D7D0F7BAEEE4}.Release|Any CPU.ActiveCfg = Release|Any CPU
		{6CCEFE12-93B7-486C-AB47-D7D0F7BAEEE4}.Release|Any CPU.Build.0 = Release|Any CPU
	EndGlobalSection
	GlobalSection(SolutionProperties) = preSolution
		HideSolutionNode = FALSE
	EndGlobalSection
	GlobalSection(ExtensibilityGlobals) = postSolution
		SolutionGuid = {1425FC3B-EA9F-4480-8226-2E486AA783B0}
	EndGlobalSection
EndGlobal
